
Microsoft Visual Studio Solution File, Format Version 12.00
# Visual Studio Version 16
VisualStudioVersion = 16.0.32510.428
MinimumVisualStudioVersion = 10.0.40219.1
Project("{FAE04EC0-301F-11D3-BF4B-00C04F79EFBC}") = "Logica", "Logica\Logica.csproj", "{FECD0F19-9D6B-4824-B409-A52F5C36C07D}"
EndProject
Global
	GlobalSection(SolutionConfigurationPlatforms) = preSolution
		Debug|Any CPU = Debug|Any CPU
		Release|Any CPU = Release|Any CPU
	EndGlobalSection
	GlobalSection(ProjectConfigurationPlatforms) = postSolution
		{FECD0F19-9D6B-4824-B409-A52F5C36C07D}.Debug|Any CPU.ActiveCfg = Debug|Any CPU
		{FECD0F19-9D6B-4824-B409-A52F5C36C07D}.Debug|Any CPU.Build.0 = Debug|Any CPU
		{FECD0F19-9D6B-4824-B409-A52F5C36C07D}.Release|Any CPU.ActiveCfg = Release|Any CPU
		{FECD0F19-9D6B-4824-B409-A52F5C36C07D}.Release|Any CPU.Build.0 = Release|Any CPU
	EndGlobalSection
	GlobalSection(SolutionProperties) = preSolution
		HideSolutionNode = FALSE
	EndGlobalSection
	GlobalSection(ExtensibilityGlobals) = postSolution
		SolutionGuid = {A8400D00-D4D0-4D54-8E0C-AE3492CCB036}
	EndGlobalSection
EndGlobal
